
Microsoft Visual Studio Solution File, Format Version 12.00
# Visual Studio Version 17
VisualStudioVersion = 17.7.34221.43
MinimumVisualStudioVersion = 10.0.40219.1
Project("{FAE04EC0-301F-11D3-BF4B-00C04F79EFBC}") = "RyomaBackstage", "RyomaBackstage.csproj", "{D5DA64BE-1F3D-4D92-8A8D-25EDA1C3705A}"
EndProject
Global
	GlobalSection(SolutionConfigurationPlatforms) = preSolution
		Debug|Any CPU = Debug|Any CPU
		Release|Any CPU = Release|Any CPU
	EndGlobalSection
	GlobalSection(ProjectConfigurationPlatforms) = postSolution
		{D5DA64BE-1F3D-4D92-8A8D-25EDA1C3705A}.Debug|Any CPU.ActiveCfg = Debug|Any CPU
		{D5DA64BE-1F3D-4D92-8A8D-25EDA1C3705A}.Debug|Any CPU.Build.0 = Debug|Any CPU
		{D5DA64BE-1F3D-4D92-8A8D-25EDA1C3705A}.Release|Any CPU.ActiveCfg = Release|Any CPU
		{D5DA64BE-1F3D-4D92-8A8D-25EDA1C3705A}.Release|Any CPU.Build.0 = Release|Any CPU
	EndGlobalSection
	GlobalSection(SolutionProperties) = preSolution
		HideSolutionNode = FALSE
	EndGlobalSection
	GlobalSection(ExtensibilityGlobals) = postSolution
		SolutionGuid = {E2B59842-3B14-4EEB-B873-BEFEB436505E}
	EndGlobalSection
EndGlobal
